
Microsoft Visual Studio Solution File, Format Version 12.00
# Visual Studio Version 16
VisualStudioVersion = 16.0.29215.179
MinimumVisualStudioVersion = 10.0.40219.1
Project("{FAE04EC0-301F-11D3-BF4B-00C04F79EFBC}") = "WPF-Kiosk", "WPF-Kiosk\WPF-Kiosk.csproj", "{7EEACF3C-5EAB-4C18-85E5-1147610BB276}"
EndProject
Global
	GlobalSection(SolutionConfigurationPlatforms) = preSolution
		Debug|Any CPU = Debug|Any CPU
		Release|Any CPU = Release|Any CPU
	EndGlobalSection
	GlobalSection(ProjectConfigurationPlatforms) = postSolution
		{7EEACF3C-5EAB-4C18-85E5-1147610BB276}.Debug|Any CPU.ActiveCfg = Debug|Any CPU
		{7EEACF3C-5EAB-4C18-85E5-1147610BB276}.Debug|Any CPU.Build.0 = Debug|Any CPU
		{7EEACF3C-5EAB-4C18-85E5-1147610BB276}.Release|Any CPU.ActiveCfg = Release|Any CPU
		{7EEACF3C-5EAB-4C18-85E5-1147610BB276}.Release|Any CPU.Build.0 = Release|Any CPU
	EndGlobalSection
	GlobalSection(SolutionProperties) = preSolution
		HideSolutionNode = FALSE
	EndGlobalSection
	GlobalSection(ExtensibilityGlobals) = postSolution
		SolutionGuid = {A68B8E20-C8D6-454D-9533-C726C215A327}
	EndGlobalSection
EndGlobal
